
Microsoft Visual Studio Solution File, Format Version 12.00
# Visual Studio 2013
VisualStudioVersion = 12.0.40629.0
MinimumVisualStudioVersion = 10.0.40219.1
Project("{FAE04EC0-301F-11D3-BF4B-00C04F79EFBC}") = "MP", "MP\MP.csproj", "{D3F1ACBC-E658-4B59-9CF3-A2A11D3A6715}"
EndProject
Project("{FAE04EC0-301F-11D3-BF4B-00C04F79EFBC}") = "MP.Data", "MP.Data\MP.Data.csproj", "{84DFD4F1-1C15-4E0E-B36D-CC8DFC74FDCC}"
EndProject
Project("{2150E333-8FDC-42A3-9474-1A3956D46DE8}") = "Solution Items", "Solution Items", "{05A93728-5BDA-4990-8F36-F58AD397CE17}"
	ProjectSection(SolutionItems) = preProject
		ProjectIdea.txt = ProjectIdea.txt
	EndProjectSection
EndProject
Project("{FAE04EC0-301F-11D3-BF4B-00C04F79EFBC}") = "MP.Resources", "MP.Resources\MP.Resources.csproj", "{14478476-6DF3-488F-986C-BA82F54FBAE9}"
EndProject
Global
	GlobalSection(SolutionConfigurationPlatforms) = preSolution
		Debug|Any CPU = Debug|Any CPU
		Release|Any CPU = Release|Any CPU
	EndGlobalSection
	GlobalSection(ProjectConfigurationPlatforms) = postSolution
		{D3F1ACBC-E658-4B59-9CF3-A2A11D3A6715}.Debug|Any CPU.ActiveCfg = Debug|Any CPU
		{D3F1ACBC-E658-4B59-9CF3-A2A11D3A6715}.Debug|Any CPU.Build.0 = Debug|Any CPU
		{D3F1ACBC-E658-4B59-9CF3-A2A11D3A6715}.Release|Any CPU.ActiveCfg = Release|Any CPU
		{D3F1ACBC-E658-4B59-9CF3-A2A11D3A6715}.Release|Any CPU.Build.0 = Release|Any CPU
		{84DFD4F1-1C15-4E0E-B36D-CC8DFC74FDCC}.Debug|Any CPU.ActiveCfg = Debug|Any CPU
		{84DFD4F1-1C15-4E0E-B36D-CC8DFC74FDCC}.Debug|Any CPU.Build.0 = Debug|Any CPU
		{84DFD4F1-1C15-4E0E-B36D-CC8DFC74FDCC}.Release|Any CPU.ActiveCfg = Release|Any CPU
		{84DFD4F1-1C15-4E0E-B36D-CC8DFC74FDCC}.Release|Any CPU.Build.0 = Release|Any CPU
		{14478476-6DF3-488F-986C-BA82F54FBAE9}.Debug|Any CPU.ActiveCfg = Debug|Any CPU
		{14478476-6DF3-488F-986C-BA82F54FBAE9}.Debug|Any CPU.Build.0 = Debug|Any CPU
		{14478476-6DF3-488F-986C-BA82F54FBAE9}.Release|Any CPU.ActiveCfg = Release|Any CPU
		{14478476-6DF3-488F-986C-BA82F54FBAE9}.Release|Any CPU.Build.0 = Release|Any CPU
	EndGlobalSection
	GlobalSection(SolutionProperties) = preSolution
		HideSolutionNode = FALSE
	EndGlobalSection
EndGlobal
